
Microsoft Visual Studio Solution File, Format Version 12.00
# Visual Studio 15
VisualStudioVersion = 15.0.26124.0
MinimumVisualStudioVersion = 15.0.26124.0
Project("{FAE04EC0-301F-11D3-BF4B-00C04F79EFBC}") = "console-app", "console-app\console-app.csproj", "{32E345D5-0225-47C0-A326-274DF6672449}"
EndProject
Project("{FAE04EC0-301F-11D3-BF4B-00C04F79EFBC}") = "peer", "peer\peer.csproj", "{770F824D-0E25-4FB0-A9E7-1112B62AC689}"
EndProject
Project("{FAE04EC0-301F-11D3-BF4B-00C04F79EFBC}") = "console-peer", "console-peer\console-peer.csproj", "{CEC94639-8D3A-4E3E-B3FE-D4F6C61441AE}"
EndProject
Global
	GlobalSection(SolutionConfigurationPlatforms) = preSolution
		Debug|Any CPU = Debug|Any CPU
		Debug|x64 = Debug|x64
		Debug|x86 = Debug|x86
		Release|Any CPU = Release|Any CPU
		Release|x64 = Release|x64
		Release|x86 = Release|x86
	EndGlobalSection
	GlobalSection(SolutionProperties) = preSolution
		HideSolutionNode = FALSE
	EndGlobalSection
	GlobalSection(ProjectConfigurationPlatforms) = postSolution
		{32E345D5-0225-47C0-A326-274DF6672449}.Debug|Any CPU.ActiveCfg = Debug|Any CPU
		{32E345D5-0225-47C0-A326-274DF6672449}.Debug|Any CPU.Build.0 = Debug|Any CPU
		{32E345D5-0225-47C0-A326-274DF6672449}.Debug|x64.ActiveCfg = Debug|Any CPU
		{32E345D5-0225-47C0-A326-274DF6672449}.Debug|x64.Build.0 = Debug|Any CPU
		{32E345D5-0225-47C0-A326-274DF6672449}.Debug|x86.ActiveCfg = Debug|Any CPU
		{32E345D5-0225-47C0-A326-274DF6672449}.Debug|x86.Build.0 = Debug|Any CPU
		{32E345D5-0225-47C0-A326-274DF6672449}.Release|Any CPU.ActiveCfg = Release|Any CPU
		{32E345D5-0225-47C0-A326-274DF6672449}.Release|Any CPU.Build.0 = Release|Any CPU
		{32E345D5-0225-47C0-A326-274DF6672449}.Release|x64.ActiveCfg = Release|Any CPU
		{32E345D5-0225-47C0-A326-274DF6672449}.Release|x64.Build.0 = Release|Any CPU
		{32E345D5-0225-47C0-A326-274DF6672449}.Release|x86.ActiveCfg = Release|Any CPU
		{32E345D5-0225-47C0-A326-274DF6672449}.Release|x86.Build.0 = Release|Any CPU
		{770F824D-0E25-4FB0-A9E7-1112B62AC689}.Debug|Any CPU.ActiveCfg = Debug|Any CPU
		{770F824D-0E25-4FB0-A9E7-1112B62AC689}.Debug|Any CPU.Build.0 = Debug|Any CPU
		{770F824D-0E25-4FB0-A9E7-1112B62AC689}.Debug|x64.ActiveCfg = Debug|Any CPU
		{770F824D-0E25-4FB0-A9E7-1112B62AC689}.Debug|x64.Build.0 = Debug|Any CPU
		{770F824D-0E25-4FB0-A9E7-1112B62AC689}.Debug|x86.ActiveCfg = Debug|Any CPU
		{770F824D-0E25-4FB0-A9E7-1112B62AC689}.Debug|x86.Build.0 = Debug|Any CPU
		{770F824D-0E25-4FB0-A9E7-1112B62AC689}.Release|Any CPU.ActiveCfg = Release|Any CPU
		{770F824D-0E25-4FB0-A9E7-1112B62AC689}.Release|Any CPU.Build.0 = Release|Any CPU
		{770F824D-0E25-4FB0-A9E7-1112B62AC689}.Release|x64.ActiveCfg = Release|Any CPU
		{770F824D-0E25-4FB0-A9E7-1112B62AC689}.Release|x64.Build.0 = Release|Any CPU
		{770F824D-0E25-4FB0-A9E7-1112B62AC689}.Release|x86.ActiveCfg = Release|Any CPU
		{770F824D-0E25-4FB0-A9E7-1112B62AC689}.Release|x86.Build.0 = Release|Any CPU
		{CEC94639-8D3A-4E3E-B3FE-D4F6C61441AE}.Debug|Any CPU.ActiveCfg = Debug|Any CPU
		{CEC94639-8D3A-4E3E-B3FE-D4F6C61441AE}.Debug|Any CPU.Build.0 = Debug|Any CPU
		{CEC94639-8D3A-4E3E-B3FE-D4F6C61441AE}.Debug|x64.ActiveCfg = Debug|Any CPU
		{CEC94639-8D3A-4E3E-B3FE-D4F6C61441AE}.Debug|x64.Build.0 = Debug|Any CPU
		{CEC94639-8D3A-4E3E-B3FE-D4F6C61441AE}.Debug|x86.ActiveCfg = Debug|Any CPU
		{CEC94639-8D3A-4E3E-B3FE-D4F6C61441AE}.Debug|x86.Build.0 = Debug|Any CPU
		{CEC94639-8D3A-4E3E-B3FE-D4F6C61441AE}.Release|Any CPU.ActiveCfg = Release|Any CPU
		{CEC94639-8D3A-4E3E-B3FE-D4F6C61441AE}.Release|Any CPU.Build.0 = Release|Any CPU
		{CEC94639-8D3A-4E3E-B3FE-D4F6C61441AE}.Release|x64.ActiveCfg = Release|Any CPU
		{CEC94639-8D3A-4E3E-B3FE-D4F6C61441AE}.Release|x64.Build.0 = Release|Any CPU
		{CEC94639-8D3A-4E3E-B3FE-D4F6C61441AE}.Release|x86.ActiveCfg = Release|Any CPU
		{CEC94639-8D3A-4E3E-B3FE-D4F6C61441AE}.Release|x86.Build.0 = Release|Any CPU
	EndGlobalSection
EndGlobal
